// !$*UTF8*$!
{
	archiveVersion = 1;
	classes = {
	};
	objectVersion = 55;
	objects = {

/* Begin PBXBuildFile section */
		10E3E7B328C7522200E913BA /* AppDelegate.swift in Sources */ = {isa = PBXBuildFile; fileRef = 10E3E7B228C7522200E913BA /* AppDelegate.swift */; };
		10E3E7B528C7522200E913BA /* SceneDelegate.swift in Sources */ = {isa = PBXBuildFile; fileRef = 10E3E7B428C7522200E913BA /* SceneDelegate.swift */; };
		10E3E7B728C7522200E913BA /* ViewController.swift in Sources */ = {isa = PBXBuildFile; fileRef = 10E3E7B628C7522200E913BA /* ViewController.swift */; };
		10E3E7BA28C7522200E913BA /* Main.storyboard in Resources */ = {isa = PBXBuildFile; fileRef = 10E3E7B828C7522200E913BA /* Main.storyboard */; };
		10E3E7BC28C7522200E913BA /* Assets.xcassets in Resources */ = {isa = PBXBuildFile; fileRef = 10E3E7BB28C7522200E913BA /* Assets.xcassets */; };
		10E3E7BF28C7522200E913BA /* LaunchScreen.storyboard in Resources */ = {isa = PBXBuildFile; fileRef = 10E3E7BD28C7522200E913BA /* LaunchScreen.storyboard */; };
		10E3E7CA28C7522300E913BA /* FinomenaTests.swift in Sources */ = {isa = PBXBuildFile; fileRef = 10E3E7C928C7522300E913BA /* FinomenaTests.swift */; };
		10E3E7D428C7522300E913BA /* FinomenaUITests.swift in Sources */ = {isa = PBXBuildFile; fileRef = 10E3E7D328C7522300E913BA /* FinomenaUITests.swift */; };
		10E3E7D628C7522300E913BA /* FinomenaUITestsLaunchTests.swift in Sources */ = {isa = PBXBuildFile; fileRef = 10E3E7D528C7522300E913BA /* FinomenaUITestsLaunchTests.swift */; };
/* End PBXBuildFile section */

/* Begin PBXContainerItemProxy section */
		10E3E7C628C7522300E913BA /* PBXContainerItemProxy */ = {
			isa = PBXContainerItemProxy;
			containerPortal = 10E3E7A728C7522200E913BA /* Project object */;
			proxyType = 1;
			remoteGlobalIDString = 10E3E7AE28C7522200E913BA;
			remoteInfo = Finomena;
		};
		10E3E7D028C7522300E913BA /* PBXContainerItemProxy */ = {
			isa = PBXContainerItemProxy;
			containerPortal = 10E3E7A728C7522200E913BA /* Project object */;
			proxyType = 1;
			remoteGlobalIDString = 10E3E7AE28C7522200E913BA;
			remoteInfo = Finomena;
		};
/* End PBXContainerItemProxy section */

/* Begin PBXFileReference section */
		10E3E7AF28C7522200E913BA /* Finomena.app */ = {isa = PBXFileReference; explicitFileType = wrapper.application; includeInIndex = 0; path = Finomena.app; sourceTree = BUILT_PRODUCTS_DIR; };
		10E3E7B228C7522200E913BA /* AppDelegate.swift */ = {isa = PBXFileReference; lastKnownFileType = sourcecode.swift; path = AppDelegate.swift; sourceTree = "<group>"; };
		10E3E7B428C7522200E913BA /* SceneDelegate.swift */ = {isa = PBXFileReference; lastKnownFileType = sourcecode.swift; path = SceneDelegate.swift; sourceTree = "<group>"; };
		10E3E7B628C7522200E913BA /* ViewController.swift */ = {isa = PBXFileReference; lastKnownFileType = sourcecode.swift; path = ViewController.swift; sourceTree = "<group>"; };
		10E3E7B928C7522200E913BA /* Base */ = {isa = PBXFileReference; lastKnownFileType = file.storyboard; name = Base; path = Base.lproj/Main.storyboard; sourceTree = "<group>"; };
		10E3E7BB28C7522200E913BA /* Assets.xcassets */ = {isa = PBXFileReference; lastKnownFileType = folder.assetcatalog; path = Assets.xcassets; sourceTree = "<group>"; };
		10E3E7BE28C7522200E913BA /* Base */ = {isa = PBXFileReference; lastKnownFileType = file.storyboard; name = Base; path = Base.lproj/LaunchScreen.storyboard; sourceTree = "<group>"; };
		10E3E7C028C7522200E913BA /* Info.plist */ = {isa = PBXFileReference; lastKnownFileType = text.plist.xml; path = Info.plist; sourceTree = "<group>"; };
		10E3E7C528C7522300E913BA /* FinomenaTests.xctest */ = {isa = PBXFileReference; explicitFileType = wrapper.cfbundle; includeInIndex = 0; path = FinomenaTests.xctest; sourceTree = BUILT_PRODUCTS_DIR; };
		10E3E7C928C7522300E913BA /* FinomenaTests.swift */ = {isa = PBXFileReference; lastKnownFileType = sourcecode.swift; path = FinomenaTests.swift; sourceTree = "<group>"; };
		10E3E7CF28C7522300E913BA /* FinomenaUITests.xctest */ = {isa = PBXFileReference; explicitFileType = wrapper.cfbundle; includeInIndex = 0; path = FinomenaUITests.xctest; sourceTree = BUILT_PRODUCTS_DIR; };
		10E3E7D328C7522300E913BA /* FinomenaUITests.swift */ = {isa = PBXFileReference; lastKnownFileType = sourcecode.swift; path = FinomenaUITests.swift; sourceTree = "<group>"; };
		10E3E7D528C7522300E913BA /* FinomenaUITestsLaunchTests.swift */ = {isa = PBXFileReference; lastKnownFileType = sourcecode.swift; path = FinomenaUITestsLaunchTests.swift; sourceTree = "<group>"; };
/* End PBXFileReference section */

/* Begin PBXFrameworksBuildPhase section */
		10E3E7AC28C7522200E913BA /* Frameworks */ = {
			isa = PBXFrameworksBuildPhase;
			buildActionMask = 2147483647;
			files = (
			);
			runOnlyForDeploymentPostprocessing = 0;
		};
		10E3E7C228C7522300E913BA /* Frameworks */ = {
			isa = PBXFrameworksBuildPhase;
			buildActionMask = 2147483647;
			files = (
			);
			runOnlyForDeploymentPostprocessing = 0;
		};
		10E3E7CC28C7522300E913BA /* Frameworks */ = {
			isa = PBXFrameworksBuildPhase;
			buildActionMask = 2147483647;
			files = (
			);
			runOnlyForDeploymentPostprocessing = 0;
		};
/* End PBXFrameworksBuildPhase section */

/* Begin PBXGroup section */
		10E3E7A628C7522200E913BA = {
			isa = PBXGroup;
			children = (
				10E3E7B128C7522200E913BA /* Finomena */,
				10E3E7C828C7522300E913BA /* FinomenaTests */,
				10E3E7D228C7522300E913BA /* FinomenaUITests */,
				10E3E7B028C7522200E913BA /* Products */,
			);
			sourceTree = "<group>";
		};
		10E3E7B028C7522200E913BA /* Products */ = {
			isa = PBXGroup;
			children = (
				10E3E7AF28C7522200E913BA /* Finomena.app */,
				10E3E7C528C7522300E913BA /* FinomenaTests.xctest */,
				10E3E7CF28C7522300E913BA /* FinomenaUITests.xctest */,
			);
			name = Products;
			sourceTree = "<group>";
		};
		10E3E7B128C7522200E913BA /* Finomena */ = {
			isa = PBXGroup;
			children = (
				10E3E7B228C7522200E913BA /* AppDelegate.swift */,
				10E3E7B428C7522200E913BA /* SceneDelegate.swift */,
				10E3E7B628C7522200E913BA /* ViewController.swift */,
				10E3E7B828C7522200E913BA /* Main.storyboard */,
				10E3E7BB28C7522200E913BA /* Assets.xcassets */,
				10E3E7BD28C7522200E913BA /* LaunchScreen.storyboard */,
				10E3E7C028C7522200E913BA /* Info.plist */,
			);
			path = Finomena;
			sourceTree = "<group>";
		};
		10E3E7C828C7522300E913BA /* FinomenaTests */ = {
			isa = PBXGroup;
			children = (
				10E3E7C928C7522300E913BA /* FinomenaTests.swift */,
			);
			path = FinomenaTests;
			sourceTree = "<group>";
		};
		10E3E7D228C7522300E913BA /* FinomenaUITests */ = {
			isa = PBXGroup;
			children = (
				10E3E7D328C7522300E913BA /* FinomenaUITests.swift */,
				10E3E7D528C7522300E913BA /* FinomenaUITestsLaunchTests.swift */,
			);
			path = FinomenaUITests;
			sourceTree = "<group>";
		};
/* End PBXGroup section */

/* Begin PBXNativeTarget section */
		10E3E7AE28C7522200E913BA /* Finomena */ = {
			isa = PBXNativeTarget;
			buildConfigurationList = 10E3E7D928C7522300E913BA /* Build configuration list for PBXNativeTarget "Finomena" */;
			buildPhases = (
				10E3E7AB28C7522200E913BA /* Sources */,
				10E3E7AC28C7522200E913BA /* Frameworks */,
				10E3E7AD28C7522200E913BA /* Resources */,
			);
			buildRules = (
			);
			dependencies = (
			);
			name = Finomena;
			productName = Finomena;
			productReference = 10E3E7AF28C7522200E913BA /* Finomena.app */;
			productType = "com.apple.product-type.application";
		};
		10E3E7C428C7522300E913BA /* FinomenaTests */ = {
			isa = PBXNativeTarget;
			buildConfigurationList = 10E3E7DC28C7522300E913BA /* Build configuration list for PBXNativeTarget "FinomenaTests" */;
			buildPhases = (
				10E3E7C128C7522300E913BA /* Sources */,
				10E3E7C228C7522300E913BA /* Frameworks */,
				10E3E7C328C7522300E913BA /* Resources */,
			);
			buildRules = (
			);
			dependencies = (
				10E3E7C728C7522300E913BA /* PBXTargetDependency */,
			);
			name = FinomenaTests;
			productName = FinomenaTests;
			productReference = 10E3E7C528C7522300E913BA /* FinomenaTests.xctest */;
			productType = "com.apple.product-type.bundle.unit-test";
		};
		10E3E7CE28C7522300E913BA /* FinomenaUITests */ = {
			isa = PBXNativeTarget;
			buildConfigurationList = 10E3E7DF28C7522300E913BA /* Build configuration list for PBXNativeTarget "FinomenaUITests" */;
			buildPhases = (
				10E3E7CB28C7522300E913BA /* Sources */,
				10E3E7CC28C7522300E913BA /* Frameworks */,
				10E3E7CD28C7522300E913BA /* Resources */,
			);
			buildRules = (
			);
			dependencies = (
				10E3E7D128C7522300E913BA /* PBXTargetDependency */,
			);
			name = FinomenaUITests;
			productName = FinomenaUITests;
			productReference = 10E3E7CF28C7522300E913BA /* FinomenaUITests.xctest */;
			productType = "com.apple.product-type.bundle.ui-testing";
		};
/* End PBXNativeTarget section */

/* Begin PBXProject section */
		10E3E7A728C7522200E913BA /* Project object */ = {
			isa = PBXProject;
			attributes = {
				BuildIndependentTargetsInParallel = 1;
				LastSwiftUpdateCheck = 1340;
				LastUpgradeCheck = 1340;
				TargetAttributes = {
					10E3E7AE28C7522200E913BA = {
						CreatedOnToolsVersion = 13.4.1;
					};
					10E3E7C428C7522300E913BA = {
						CreatedOnToolsVersion = 13.4.1;
						TestTargetID = 10E3E7AE28C7522200E913BA;
					};
					10E3E7CE28C7522300E913BA = {
						CreatedOnToolsVersion = 13.4.1;
						TestTargetID = 10E3E7AE28C7522200E913BA;
					};
				};
			};
			buildConfigurationList = 10E3E7AA28C7522200E913BA /* Build configuration list for PBXProject "Finomena" */;
			compatibilityVersion = "Xcode 13.0";
			developmentRegion = en;
			hasScannedForEncodings = 0;
			knownRegions = (
				en,
				Base,
			);
			mainGroup = 10E3E7A628C7522200E913BA;
			productRefGroup = 10E3E7B028C7522200E913BA /* Products */;
			projectDirPath = "";
			projectRoot = "";
			targets = (
				10E3E7AE28C7522200E913BA /* Finomena */,
				10E3E7C428C7522300E913BA /* FinomenaTests */,
				10E3E7CE28C7522300E913BA /* FinomenaUITests */,
			);
		};
/* End PBXProject section */

/* Begin PBXResourcesBuildPhase section */
		10E3E7AD28C7522200E913BA /* Resources */ = {
			isa = PBXResourcesBuildPhase;
			buildActionMask = 2147483647;
			files = (
				10E3E7BF28C7522200E913BA /* LaunchScreen.storyboard in Resources */,
				10E3E7BC28C7522200E913BA /* Assets.xcassets in Resources */,
				10E3E7BA28C7522200E913BA /* Main.storyboard in Resources */,
			);
			runOnlyForDeploymentPostprocessing = 0;
		};
		10E3E7C328C7522300E913BA /* Resources */ = {
			isa = PBXResourcesBuildPhase;
			buildActionMask = 2147483647;
			files = (
			);
			runOnlyForDeploymentPostprocessing = 0;
		};
		10E3E7CD28C7522300E913BA /* Resources */ = {
			isa = PBXResourcesBuildPhase;
			buildActionMask = 2147483647;
			files = (
			);
			runOnlyForDeploymentPostprocessing = 0;
		};
/* End PBXResourcesBuildPhase section */

/* Begin PBXSourcesBuildPhase section */
		10E3E7AB28C7522200E913BA /* Sources */ = {
			isa = PBXSourcesBuildPhase;
			buildActionMask = 2147483647;
			files = (
				10E3E7B728C7522200E913BA /* ViewController.swift in Sources */,
				10E3E7B328C7522200E913BA /* AppDelegate.swift in Sources */,
				10E3E7B528C7522200E913BA /* SceneDelegate.swift in Sources */,
			);
			runOnlyForDeploymentPostprocessing = 0;
		};
		10E3E7C128C7522300E913BA /* Sources */ = {
			isa = PBXSourcesBuildPhase;
			buildActionMask = 2147483647;
			files = (
				10E3E7CA28C7522300E913BA /* FinomenaTests.swift in Sources */,
			);
			runOnlyForDeploymentPostprocessing = 0;
		};
		10E3E7CB28C7522300E913BA /* Sources */ = {
			isa = PBXSourcesBuildPhase;
			buildActionMask = 2147483647;
			files = (
				10E3E7D628C7522300E913BA /* FinomenaUITestsLaunchTests.swift in Sources */,
				10E3E7D428C7522300E913BA /* FinomenaUITests.swift in Sources */,
			);
			runOnlyForDeploymentPostprocessing = 0;
		};
/* End PBXSourcesBuildPhase section */

/* Begin PBXTargetDependency section */
		10E3E7C728C7522300E913BA /* PBXTargetDependency */ = {
			isa = PBXTargetDependency;
			target = 10E3E7AE28C7522200E913BA /* Finomena */;
			targetProxy = 10E3E7C628C7522300E913BA /* PBXContainerItemProxy */;
		};
		10E3E7D128C7522300E913BA /* PBXTargetDependency */ = {
			isa = PBXTargetDependency;
			target = 10E3E7AE28C7522200E913BA /* Finomena */;
			targetProxy = 10E3E7D028C7522300E913BA /* PBXContainerItemProxy */;
		};
/* End PBXTargetDependency section */

/* Begin PBXVariantGroup section */
		10E3E7B828C7522200E913BA /* Main.storyboard */ = {
			isa = PBXVariantGroup;
			children = (
				10E3E7B928C7522200E913BA /* Base */,
			);
			name = Main.storyboard;
			sourceTree = "<group>";
		};
		10E3E7BD28C7522200E913BA /* LaunchScreen.storyboard */ = {
			isa = PBXVariantGroup;
			children = (
				10E3E7BE28C7522200E913BA /* Base */,
			);
			name = LaunchScreen.storyboard;
			sourceTree = "<group>";
		};
/* End PBXVariantGroup section */

/* Begin XCBuildConfiguration section */
		10E3E7D728C7522300E913BA /* Debug */ = {
			isa = XCBuildConfiguration;
			buildSettings = {
				ALWAYS_SEARCH_USER_PATHS = NO;
				CLANG_ANALYZER_NONNULL = YES;
				CLANG_ANALYZER_NUMBER_OBJECT_CONVERSION = YES_AGGRESSIVE;
				CLANG_CXX_LANGUAGE_STANDARD = "gnu++17";
				CLANG_ENABLE_MODULES = YES;
				CLANG_ENABLE_OBJC_ARC = YES;
				CLANG_ENABLE_OBJC_WEAK = YES;
				CLANG_WARN_BLOCK_CAPTURE_AUTORELEASING = YES;
				CLANG_WARN_BOOL_CONVERSION = YES;
				CLANG_WARN_COMMA = YES;
				CLANG_WARN_CONSTANT_CONVERSION = YES;
				CLANG_WARN_DEPRECATED_OBJC_IMPLEMENTATIONS = YES;
				CLANG_WARN_DIRECT_OBJC_ISA_USAGE = YES_ERROR;
				CLANG_WARN_DOCUMENTATION_COMMENTS = YES;
				CLANG_WARN_EMPTY_BODY = YES;
				CLANG_WARN_ENUM_CONVERSION = YES;
				CLANG_WARN_INFINITE_RECURSION = YES;
				CLANG_WARN_INT_CONVERSION = YES;
				CLANG_WARN_NON_LITERAL_NULL_CONVERSION = YES;
				CLANG_WARN_OBJC_IMPLICIT_RETAIN_SELF = YES;
				CLANG_WARN_OBJC_LITERAL_CONVERSION = YES;
				CLANG_WARN_OBJC_ROOT_CLASS = YES_ERROR;
				CLANG_WARN_QUOTED_INCLUDE_IN_FRAMEWORK_HEADER = YES;
				CLANG_WARN_RANGE_LOOP_ANALYSIS = YES;
				CLANG_WARN_STRICT_PROTOTYPES = YES;
				CLANG_WARN_SUSPICIOUS_MOVE = YES;
				CLANG_WARN_UNGUARDED_AVAILABILITY = YES_AGGRESSIVE;
				CLANG_WARN_UNREACHABLE_CODE = YES;
				CLANG_WARN__DUPLICATE_METHOD_MATCH = YES;
				COPY_PHASE_STRIP = NO;
				DEBUG_INFORMATION_FORMAT = dwarf;
				ENABLE_STRICT_OBJC_MSGSEND = YES;
				ENABLE_TESTABILITY = YES;
				GCC_C_LANGUAGE_STANDARD = gnu11;
				GCC_DYNAMIC_NO_PIC = NO;
				GCC_NO_COMMON_BLOCKS = YES;
				GCC_OPTIMIZATION_LEVEL = 0;
				GCC_PREPROCESSOR_DEFINITIONS = (
					"DEBUG=1",
					"$(inherited)",
				);
				GCC_WARN_64_TO_32_BIT_CONVERSION = YES;
				GCC_WARN_ABOUT_RETURN_TYPE = YES_ERROR;
				GCC_WARN_UNDECLARED_SELECTOR = YES;
				GCC_WARN_UNINITIALIZED_AUTOS = YES_AGGRESSIVE;
				GCC_WARN_UNUSED_FUNCTION = YES;
				GCC_WARN_UNUSED_VARIABLE = YES;
				IPHONEOS_DEPLOYMENT_TARGET = 15.5;
				MTL_ENABLE_DEBUG_INFO = INCLUDE_SOURCE;
				MTL_FAST_MATH = YES;
				ONLY_ACTIVE_ARCH = YES;
				SDKROOT = iphoneos;
				SWIFT_ACTIVE_COMPILATION_CONDITIONS = DEBUG;
				SWIFT_OPTIMIZATION_LEVEL = "-Onone";
			};
			name = Debug;
		};
		10E3E7D828C7522300E913BA /* Release */ = {
			isa = XCBuildConfiguration;
			buildSettings = {
				ALWAYS_SEARCH_USER_PATHS = NO;
				CLANG_ANALYZER_NONNULL = YES;
				CLANG_ANALYZER_NUMBER_OBJECT_CONVERSION = YES_AGGRESSIVE;
				CLANG_CXX_LANGUAGE_STANDARD = "gnu++17";
				CLANG_ENABLE_MODULES = YES;
				CLANG_ENABLE_OBJC_ARC = YES;
				CLANG_ENABLE_OBJC_WEAK = YES;
				CLANG_WARN_BLOCK_CAPTURE_AUTORELEASING = YES;
				CLANG_WARN_BOOL_CONVERSION = YES;
				CLANG_WARN_COMMA = YES;
				CLANG_WARN_CONSTANT_CONVERSION = YES;
				CLANG_WARN_DEPRECATED_OBJC_IMPLEMENTATIONS = YES;
				CLANG_WARN_DIRECT_OBJC_ISA_USAGE = YES_ERROR;
				CLANG_WARN_DOCUMENTATION_COMMENTS = YES;
				CLANG_WARN_EMPTY_BODY = YES;
				CLANG_WARN_ENUM_CONVERSION = YES;
				CLANG_WARN_INFINITE_RECURSION = YES;
				CLANG_WARN_INT_CONVERSION = YES;
				CLANG_WARN_NON_LITERAL_NULL_CONVERSION = YES;
				CLANG_WARN_OBJC_IMPLICIT_RETAIN_SELF = YES;
				CLANG_WARN_OBJC_LITERAL_CONVERSION = YES;
				CLANG_WARN_OBJC_ROOT_CLASS = YES_ERROR;
				CLANG_WARN_QUOTED_INCLUDE_IN_FRAMEWORK_HEADER = YES;
				CLANG_WARN_RANGE_LOOP_ANALYSIS = YES;
				CLANG_WARN_STRICT_PROTOTYPES = YES;
				CLANG_WARN_SUSPICIOUS_MOVE = YES;
				CLANG_WARN_UNGUARDED_AVAILABILITY = YES_AGGRESSIVE;
				CLANG_WARN_UNREACHABLE_CODE = YES;
				CLANG_WARN__DUPLICATE_METHOD_MATCH = YES;
				COPY_PHASE_STRIP = NO;
				DEBUG_INFORMATION_FORMAT = "dwarf-with-dsym";
				ENABLE_NS_ASSERTIONS = NO;
				ENABLE_STRICT_OBJC_MSGSEND = YES;
				GCC_C_LANGUAGE_STANDARD = gnu11;
				GCC_NO_COMMON_BLOCKS = YES;
				GCC_WARN_64_TO_32_BIT_CONVERSION = YES;
				GCC_WARN_ABOUT_RETURN_TYPE = YES_ERROR;
				GCC_WARN_UNDECLARED_SELECTOR = YES;
				GCC_WARN_UNINITIALIZED_AUTOS = YES_AGGRESSIVE;
				GCC_WARN_UNUSED_FUNCTION = YES;
				GCC_WARN_UNUSED_VARIABLE = YES;
				IPHONEOS_DEPLOYMENT_TARGET = 15.5;
				MTL_ENABLE_DEBUG_INFO = NO;
				MTL_FAST_MATH = YES;
				SDKROOT = iphoneos;
				SWIFT_COMPILATION_MODE = wholemodule;
				SWIFT_OPTIMIZATION_LEVEL = "-O";
				VALIDATE_PRODUCT = YES;
			};
			name = Release;
		};
		10E3E7DA28C7522300E913BA /* Debug */ = {
			isa = XCBuildConfiguration;
			buildSettings = {
				ASSETCATALOG_COMPILER_APPICON_NAME = AppIcon;
				ASSETCATALOG_COMPILER_GLOBAL_ACCENT_COLOR_NAME = AccentColor;
				CODE_SIGN_STYLE = Automatic;
				CURRENT_PROJECT_VERSION = 1;
				GENERATE_INFOPLIST_FILE = YES;
				INFOPLIST_FILE = Finomena/Info.plist;
				INFOPLIST_KEY_UIApplicationSupportsIndirectInputEvents = YES;
				INFOPLIST_KEY_UILaunchStoryboardName = LaunchScreen;
				INFOPLIST_KEY_UIMainStoryboardFile = Main;
				INFOPLIST_KEY_UISupportedInterfaceOrientations_iPad = "UIInterfaceOrientationPortrait UIInterfaceOrientationPortraitUpsideDown UIInterfaceOrientationLandscapeLeft UIInterfaceOrientationLandscapeRight";
				INFOPLIST_KEY_UISupportedInterfaceOrientations_iPhone = "UIInterfaceOrientationPortrait UIInterfaceOrientationLandscapeLeft UIInterfaceOrientationLandscapeRight";
				LD_RUNPATH_SEARCH_PATHS = (
					"$(inherited)",
					"@executable_path/Frameworks",
				);
				MARKETING_VERSION = 1.0;
				PRODUCT_BUNDLE_IDENTIFIER = Finomena.Finomena;
				PRODUCT_NAME = "$(TARGET_NAME)";
				SWIFT_EMIT_LOC_STRINGS = YES;
				SWIFT_VERSION = 5.0;
				TARGETED_DEVICE_FAMILY = "1,2";
			};
			name = Debug;
		};
		10E3E7DB28C7522300E913BA /* Release */ = {
			isa = XCBuildConfiguration;
			buildSettings = {
				ASSETCATALOG_COMPILER_APPICON_NAME = AppIcon;
				ASSETCATALOG_COMPILER_GLOBAL_ACCENT_COLOR_NAME = AccentColor;
				CODE_SIGN_STYLE = Automatic;
				CURRENT_PROJECT_VERSION = 1;
				GENERATE_INFOPLIST_FILE = YES;
				INFOPLIST_FILE = Finomena/Info.plist;
				INFOPLIST_KEY_UIApplicationSupportsIndirectInputEvents = YES;
				INFOPLIST_KEY_UILaunchStoryboardName = LaunchScreen;
				INFOPLIST_KEY_UIMainStoryboardFile = Main;
				INFOPLIST_KEY_UISupportedInterfaceOrientations_iPad = "UIInterfaceOrientationPortrait UIInterfaceOrientationPortraitUpsideDown UIInterfaceOrientationLandscapeLeft UIInterfaceOrientationLandscapeRight";
				INFOPLIST_KEY_UISupportedInterfaceOrientations_iPhone = "UIInterfaceOrientationPortrait UIInterfaceOrientationLandscapeLeft UIInterfaceOrientationLandscapeRight";
				LD_RUNPATH_SEARCH_PATHS = (
					"$(inherited)",
					"@executable_path/Frameworks",
				);
				MARKETING_VERSION = 1.0;
				PRODUCT_BUNDLE_IDENTIFIER = Finomena.Finomena;
				PRODUCT_NAME = "$(TARGET_NAME)";
				SWIFT_EMIT_LOC_STRINGS = YES;
				SWIFT_VERSION = 5.0;
				TARGETED_DEVICE_FAMILY = "1,2";
			};
			name = Release;
		};
		10E3E7DD28C7522300E913BA /* Debug */ = {
			isa = XCBuildConfiguration;
			buildSettings = {
				ALWAYS_EMBED_SWIFT_STANDARD_LIBRARIES = YES;
				BUNDLE_LOADER = "$(TEST_HOST)";
				CODE_SIGN_STYLE = Automatic;
				CURRENT_PROJECT_VERSION = 1;
				GENERATE_INFOPLIST_FILE = YES;
				IPHONEOS_DEPLOYMENT_TARGET = 15.5;
				MARKETING_VERSION = 1.0;
				PRODUCT_BUNDLE_IDENTIFIER = Finomena.FinomenaTests;
				PRODUCT_NAME = "$(TARGET_NAME)";
				SWIFT_EMIT_LOC_STRINGS = NO;
				SWIFT_VERSION = 5.0;
				TARGETED_DEVICE_FAMILY = "1,2";
				TEST_HOST = "$(BUILT_PRODUCTS_DIR)/Finomena.app/Finomena";
			};
			name = Debug;
		};
		10E3E7DE28C7522300E913BA /* Release */ = {
			isa = XCBuildConfiguration;
			buildSettings = {
				ALWAYS_EMBED_SWIFT_STANDARD_LIBRARIES = YES;
				BUNDLE_LOADER = "$(TEST_HOST)";
				CODE_SIGN_STYLE = Automatic;
				CURRENT_PROJECT_VERSION = 1;
				GENERATE_INFOPLIST_FILE = YES;
				IPHONEOS_DEPLOYMENT_TARGET = 15.5;
				MARKETING_VERSION = 1.0;
				PRODUCT_BUNDLE_IDENTIFIER = Finomena.FinomenaTests;
				PRODUCT_NAME = "$(TARGET_NAME)";
				SWIFT_EMIT_LOC_STRINGS = NO;
				SWIFT_VERSION = 5.0;
				TARGETED_DEVICE_FAMILY = "1,2";
				TEST_HOST = "$(BUILT_PRODUCTS_DIR)/Finomena.app/Finomena";
			};
			name = Release;
		};
		10E3E7E028C7522300E913BA /* Debug */ = {
			isa = XCBuildConfiguration;
			buildSettings = {
				ALWAYS_EMBED_SWIFT_STANDARD_LIBRARIES = YES;
				CODE_SIGN_STYLE = Automatic;
				CURRENT_PROJECT_VERSION = 1;
				GENERATE_INFOPLIST_FILE = YES;
				MARKETING_VERSION = 1.0;
				PRODUCT_BUNDLE_IDENTIFIER = Finomena.FinomenaUITests;
				PRODUCT_NAME = "$(TARGET_NAME)";
				SWIFT_EMIT_LOC_STRINGS = NO;
				SWIFT_VERSION = 5.0;
				TARGETED_DEVICE_FAMILY = "1,2";
				TEST_TARGET_NAME = Finomena;
			};
			name = Debug;
		};
		10E3E7E128C7522300E913BA /* Release */ = {
			isa = XCBuildConfiguration;
			buildSettings = {
				ALWAYS_EMBED_SWIFT_STANDARD_LIBRARIES = YES;
				CODE_SIGN_STYLE = Automatic;
				CURRENT_PROJECT_VERSION = 1;
				GENERATE_INFOPLIST_FILE = YES;
				MARKETING_VERSION = 1.0;
				PRODUCT_BUNDLE_IDENTIFIER = Finomena.FinomenaUITests;
				PRODUCT_NAME = "$(TARGET_NAME)";
				SWIFT_EMIT_LOC_STRINGS = NO;
				SWIFT_VERSION = 5.0;
				TARGETED_DEVICE_FAMILY = "1,2";
				TEST_TARGET_NAME = Finomena;
			};
			name = Release;
		};
/* End XCBuildConfiguration section */

/* Begin XCConfigurationList section */
		10E3E7AA28C7522200E913BA /* Build configuration list for PBXProject "Finomena" */ = {
			isa = XCConfigurationList;
			buildConfigurations = (
				10E3E7D728C7522300E913BA /* Debug */,
				10E3E7D828C7522300E913BA /* Release */,
			);
			defaultConfigurationIsVisible = 0;
			defaultConfigurationName = Release;
		};
		10E3E7D928C7522300E913BA /* Build configuration list for PBXNativeTarget "Finomena" */ = {
			isa = XCConfigurationList;
			buildConfigurations = (
				10E3E7DA28C7522300E913BA /* Debug */,
				10E3E7DB28C7522300E913BA /* Release */,
			);
			defaultConfigurationIsVisible = 0;
			defaultConfigurationName = Release;
		};
		10E3E7DC28C7522300E913BA /* Build configuration list for PBXNativeTarget "FinomenaTests" */ = {
			isa = XCConfigurationList;
			buildConfigurations = (
				10E3E7DD28C7522300E913BA /* Debug */,
				10E3E7DE28C7522300E913BA /* Release */,
			);
			defaultConfigurationIsVisible = 0;
			defaultConfigurationName = Release;
		};
		10E3E7DF28C7522300E913BA /* Build configuration list for PBXNativeTarget "FinomenaUITests" */ = {
			isa = XCConfigurationList;
			buildConfigurations = (
				10E3E7E028C7522300E913BA /* Debug */,
				10E3E7E128C7522300E913BA /* Release */,
			);
			defaultConfigurationIsVisible = 0;
			defaultConfigurationName = Release;
		};
/* End XCConfigurationList section */
	};
	rootObject = 10E3E7A728C7522200E913BA /* Project object */;
}
